<Solution>
  <Folder Name="/src/">
    <Project Path="src/Mockstar/Mockstar.csproj" />
    <Project Path="src/Mockstar.ParserApi/Mockstar.ParserApi.csproj" />
  </Folder>
  <Folder Name="/tests/">
    <Project Path="tests/Mockstar.ParserApi.Tests/Mockstar.ParserApi.Tests.csproj" />
    <Project Path="tests/Mockstar.Tests/Mockstar.Tests.csproj" />
  </Folder>
</Solution>
